PODS:
  - Alamofire (5.6.4)
  - FSPagerView (0.8.3)
  - Nuke (10.7.1)
  - SwiftyJSON (5.0.1)

DEPENDENCIES:
  - Alamofire
  - FSPagerView
  - Nuke
  - SwiftyJSON

SPEC REPOS:
  trunk:
    - Alamofire
    - FSPagerView
    - Nuke
    - SwiftyJSON

SPEC CHECKSUMS:
  Alamofire: 4e95d97098eacb88856099c4fc79b526a299e48c
  FSPagerView: 670405b2f18e2a87fa37f20b00de783e562c25a8
  Nuke: 279f17a599fd1c83cf51de5e0e1f2db143a287b0
  SwiftyJSON: 2f33a42c6fbc52764d96f13368585094bfd8aa5e

PODFILE CHECKSUM: 3654d66e3d0fe4f319f9c5a576c5dfa2688c7ddb

COCOAPODS: 1.11.3
